{
  "name": "api",
  "lockfileVersion": 3,
  "requires": true,
  "packages": {
    "": {
      "dependencies": {
        "@prisma/client": "^6.10.0"
      },
      "devDependencies": {
        "prisma": "^6.10.0"
      }
    },
    "node_modules/@prisma/client": {
      "version": "6.10.0",
      "resolved": "https://registry.npmjs.org/@prisma/client/-/client-6.10.0.tgz",
      "integrity": "sha512-C+3A6sPt8EwUlNwsbT22IoUq0O+wXXA4Sw39UmCATlfa8HVP5r0X/l9xGyELhfSmmO0sjgSAl7qmlCHS6Dkekw==",
      "hasInstallScript": true,
      "license": "Apache-2.0",
      "engines": {
        "node": ">=18.18"
      },
      "peerDependencies": {
        "prisma": "*",
        "typescript": ">=5.1.0"
      },
      "peerDependenciesMeta": {
        "prisma": {
          "optional": true
        },
        "typescript": {
          "optional": true
        }
      }
    },
    "node_modules/@prisma/config": {
      "version": "6.10.0",
      "resolved": "https://registry.npmjs.org/@prisma/config/-/config-6.10.0.tgz",
      "integrity": "sha512-9aA88Vub9O7zdb52PuJg88cN2GCjfY2I45CIttJe7fS5EyvTRRGE/PDQlbjTG9ij9+leD47fGLQCqYDpyCE5Iw==",
      "devOptional": true,
      "license": "Apache-2.0",
      "dependencies": {
        "jiti": "2.4.2"
      }
    },
    "node_modules/@prisma/debug": {
      "version": "6.10.0",
      "resolved": "https://registry.npmjs.org/@prisma/debug/-/debug-6.10.0.tgz",
      "integrity": "sha512-vzVu0Z3DfCzyx0m7LPZgdA/M7opv7B2R7agNLjh1PpIapCqHo/dwoXoj3Kl25A6TkmhexJzOZKedmhpXsMBwGA==",
      "devOptional": true,
      "license": "Apache-2.0"
    },
    "node_modules/@prisma/engines": {
      "version": "6.10.0",
      "resolved": "https://registry.npmjs.org/@prisma/engines/-/engines-6.10.0.tgz",
      "integrity": "sha512-g/VL/J+b1rjzvPLZWSjOt/iWX/As44IF65x0XrsvwjD1UI0hLHzDAVx3AJz4k4cNsFzEQqVl/rLa6ICsLy8v5w==",
      "devOptional": true,
      "hasInstallScript": true,
      "license": "Apache-2.0",
      "dependencies": {
        "@prisma/debug": "6.10.0",
        "@prisma/engines-version": "6.10.0-43.aee10d5a411e4360c6d3445ce4810ca65adbf3e8",
        "@prisma/fetch-engine": "6.10.0",
        "@prisma/get-platform": "6.10.0"
      }
    },
    "node_modules/@prisma/engines-version": {
      "version": "6.10.0-43.aee10d5a411e4360c6d3445ce4810ca65adbf3e8",
      "resolved": "https://registry.npmjs.org/@prisma/engines-version/-/engines-version-6.10.0-43.aee10d5a411e4360c6d3445ce4810ca65adbf3e8.tgz",
      "integrity": "sha512-Dy7cS5Sz/kzdj2nrYTiPfycf/ZeQXFoIcXgTLmYHpuDX0rGITEGe7JSTSNnLYRUnjTHerDTPGPJCiDeyb6lPBg==",
      "devOptional": true,
      "license": "Apache-2.0"
    },
    "node_modules/@prisma/fetch-engine": {
      "version": "6.10.0",
      "resolved": "https://registry.npmjs.org/@prisma/fetch-engine/-/fetch-engine-6.10.0.tgz",
      "integrity": "sha512-7An09F6Xe886gSwcj1HEY/0LBuD4IR0ZnKbNv4d0kMnmNzGCz+IK4XRnd/yOkiptIks0nF+igLEin5MEoBejfA==",
      "devOptional": true,
      "license": "Apache-2.0",
      "dependencies": {
        "@prisma/debug": "6.10.0",
        "@prisma/engines-version": "6.10.0-43.aee10d5a411e4360c6d3445ce4810ca65adbf3e8",
        "@prisma/get-platform": "6.10.0"
      }
    },
    "node_modules/@prisma/get-platform": {
      "version": "6.10.0",
      "resolved": "https://registry.npmjs.org/@prisma/get-platform/-/get-platform-6.10.0.tgz",
      "integrity": "sha512-6xqX2cxC2l0JHySyyFlXZ4QIESeEmkvSJfGy2r/NsQG+vjxBNDrlwDOgh+aQI1ivbgqwFRjSXuUjl/yd2Za2HQ==",
      "devOptional": true,
      "license": "Apache-2.0",
      "dependencies": {
        "@prisma/debug": "6.10.0"
      }
    },
    "node_modules/jiti": {
      "version": "2.4.2",
      "resolved": "https://registry.npmjs.org/jiti/-/jiti-2.4.2.tgz",
      "integrity": "sha512-rg9zJN+G4n2nfJl5MW3BMygZX56zKPNVEYYqq7adpmMh4Jn2QNEwhvQlFy6jPVdcod7txZtKHWnyZiA3a0zP7A==",
      "devOptional": true,
      "license": "MIT",
      "bin": {
        "jiti": "lib/jiti-cli.mjs"
      }
    },
    "node_modules/prisma": {
      "version": "6.10.0",
      "resolved": "https://registry.npmjs.org/prisma/-/prisma-6.10.0.tgz",
      "integrity": "sha512-hyfwi+HpH2lHlRUj3O6CtWg44D7iuxi/O+xoLIsDjUNvriyFIVlw4a+8facnByZnm4Lt54+ZzJkFvkKBm7bIug==",
      "devOptional": true,
      "hasInstallScript": true,
      "license": "Apache-2.0",
      "dependencies": {
        "@prisma/config": "6.10.0",
        "@prisma/engines": "6.10.0"
      },
      "bin": {
        "prisma": "build/index.js"
      },
      "engines": {
        "node": ">=18.18"
      },
      "peerDependencies": {
        "typescript": ">=5.1.0"
      },
      "peerDependenciesMeta": {
        "typescript": {
          "optional": true
        }
      }
    }
  }
}
